// !$*UTF8*$!
{
	archiveVersion = 1;
	classes = {
	};
	objectVersion = 56;
	objects = {

/* Begin PBXBuildFile section */
		064DD08D5A9848D8B3027EF1 /* ContentView.swift in Sources */ = {isa = PBXBuildFile; fileRef = C5DD4208F1D943C19EBD9424 /* ContentView.swift */; };
		2C49B2484A6F4D0F89EFA4D0 /* WebContainer.swift in Sources */ = {isa = PBXBuildFile; fileRef = EA6F69FB4789447BB3ADFA15 /* WebContainer.swift */; };
		7B2550F20F29453EBB8CD3E5 /* SgodAIApp.swift in Sources */ = {isa = PBXBuildFile; fileRef = E2EFCDF0908C4474B67B5442 /* SgodAIApp.swift */; };
		8D254F9E3E7C405A87014D24 /* public in Resources */ = {isa = PBXBuildFile; fileRef = 6B00B46064774B4C90F9C80E /* public */; };
		C4B7B7D0C9204C5B8DE12475 /* LocalBackend.swift in Sources */ = {isa = PBXBuildFile; fileRef = 60C99C196D5949ADB0802E15 /* LocalBackend.swift */; };
/* End PBXBuildFile section */

/* Begin PBXFileReference section */
		3F4B351EC66E4DD7BB84431C /* SgodAI Market Radar.app */ = {isa = PBXFileReference; explicitFileType = wrapper.application; includeInIndex = 0; path = "SgodAI Market Radar.app"; sourceTree = BUILT_PRODUCTS_DIR; };
		60C99C196D5949ADB0802E15 /* LocalBackend.swift */ = {isa = PBXFileReference; lastKnownFileType = sourcecode.swift; path = LocalBackend.swift; sourceTree = "<group>"; };
		6B00B46064774B4C90F9C80E /* public */ = {isa = PBXFileReference; lastKnownFileType = folder; path = ../../public; sourceTree = "<group>"; };
		C5DD4208F1D943C19EBD9424 /* ContentView.swift */ = {isa = PBXFileReference; lastKnownFileType = sourcecode.swift; path = ContentView.swift; sourceTree = "<group>"; };
		E2EFCDF0908C4474B67B5442 /* SgodAIApp.swift */ = {isa = PBXFileReference; lastKnownFileType = sourcecode.swift; path = SgodAIApp.swift; sourceTree = "<group>"; };
		EA6F69FB4789447BB3ADFA15 /* WebContainer.swift */ = {isa = PBXFileReference; lastKnownFileType = sourcecode.swift; path = WebContainer.swift; sourceTree = "<group>"; };
/* End PBXFileReference section */

/* Begin PBXFrameworksBuildPhase section */
		17048E6F2FA24AFC8CE322B7 /* Frameworks */ = {
			isa = PBXFrameworksBuildPhase;
			buildActionMask = 2147483647;
			files = (
			);
			runOnlyForDeploymentPostprocessing = 0;
		};
/* End PBXFrameworksBuildPhase section */

/* Begin PBXGroup section */
		12E2C686655D4DB697979620 /* Products */ = {
			isa = PBXGroup;
			children = (
				3F4B351EC66E4DD7BB84431C /* SgodAI Market Radar.app */,
			);
			name = Products;
			sourceTree = "<group>";
		};
		27C0370E34A045C9A60EDF0D = {
			isa = PBXGroup;
			children = (
				35D7193D5C374E13AF21D67B /* SgodAI-Mac */,
				6B00B46064774B4C90F9C80E /* public */,
				12E2C686655D4DB697979620 /* Products */,
			);
			sourceTree = "<group>";
		};
		35D7193D5C374E13AF21D67B /* SgodAI-Mac */ = {
			isa = PBXGroup;
			children = (
				E2EFCDF0908C4474B67B5442 /* SgodAIApp.swift */,
				C5DD4208F1D943C19EBD9424 /* ContentView.swift */,
				60C99C196D5949ADB0802E15 /* LocalBackend.swift */,
				EA6F69FB4789447BB3ADFA15 /* WebContainer.swift */,
			);
			path = "SgodAI-Mac";
			sourceTree = "<group>";
		};
/* End PBXGroup section */

/* Begin PBXNativeTarget section */
		24DB0ED47C944F0891409C2A /* SgodAI-Mac */ = {
			isa = PBXNativeTarget;
			buildConfigurationList = E983D38A57424ED48B130845 /* Build configuration list for PBXNativeTarget "SgodAI-Mac" */;
			buildPhases = (
				522C10354CC045C8A4EA9EFB /* Sources */,
				17048E6F2FA24AFC8CE322B7 /* Frameworks */,
				906AC4FD9ECE434DB2362F02 /* Resources */,
			);
			buildRules = (
			);
			dependencies = (
			);
			name = "SgodAI-Mac";
			productName = "SgodAI Market Radar";
			productReference = 3F4B351EC66E4DD7BB84431C /* SgodAI Market Radar.app */;
			productType = "com.apple.product-type.application";
		};
/* End PBXNativeTarget section */

/* Begin PBXProject section */
		334B2E26AC664D809B662A7E /* Project object */ = {
			isa = PBXProject;
			attributes = {
				BuildIndependentTargetsInParallel = 1;
				LastSwiftUpdateCheck = 2700;
				LastUpgradeCheck = 2700;
				TargetAttributes = {
					24DB0ED47C944F0891409C2A = {
						CreatedOnToolsVersion = 27.0;
					};
				};
			};
			buildConfigurationList = B2510E12269C4C3C9610D861 /* Build configuration list for PBXProject "SgodAI-Mac" */;
			compatibilityVersion = "Xcode 14.0";
			developmentRegion = en;
			hasScannedForEncodings = 0;
			knownRegions = (
				en,
				Base,
				zh-Hans,
			);
			mainGroup = 27C0370E34A045C9A60EDF0D;
			productRefGroup = 12E2C686655D4DB697979620 /* Products */;
			projectDirPath = "";
			projectRoot = "";
			targets = (
				24DB0ED47C944F0891409C2A /* SgodAI-Mac */,
			);
		};
/* End PBXProject section */

/* Begin PBXResourcesBuildPhase section */
		906AC4FD9ECE434DB2362F02 /* Resources */ = {
			isa = PBXResourcesBuildPhase;
			buildActionMask = 2147483647;
			files = (
				8D254F9E3E7C405A87014D24 /* public in Resources */,
			);
			runOnlyForDeploymentPostprocessing = 0;
		};
/* End PBXResourcesBuildPhase section */

/* Begin PBXSourcesBuildPhase section */
		522C10354CC045C8A4EA9EFB /* Sources */ = {
			isa = PBXSourcesBuildPhase;
			buildActionMask = 2147483647;
			files = (
				7B2550F20F29453EBB8CD3E5 /* SgodAIApp.swift in Sources */,
				064DD08D5A9848D8B3027EF1 /* ContentView.swift in Sources */,
				C4B7B7D0C9204C5B8DE12475 /* LocalBackend.swift in Sources */,
				2C49B2484A6F4D0F89EFA4D0 /* WebContainer.swift in Sources */,
			);
			runOnlyForDeploymentPostprocessing = 0;
		};
/* End PBXSourcesBuildPhase section */

/* Begin XCBuildConfiguration section */
		3D845CF5A2A843DE9B64F99A /* Debug */ = {
			isa = XCBuildConfiguration;
			buildSettings = {
				ALWAYS_SEARCH_USER_PATHS = NO;
				CLANG_ANALYZER_NONNULL = YES;
				CLANG_ANALYZER_NUMBER_OBJECT_CONVERSION = YES_AGGRESSIVE;
				CLANG_CXX_LANGUAGE_STANDARD = "gnu++20";
				CLANG_ENABLE_MODULES = YES;
				CLANG_ENABLE_OBJC_ARC = YES;
				CLANG_ENABLE_OBJC_WEAK = YES;
				CLANG_WARN_BLOCK_CAPTURE_AUTORELEASING = YES;
				CLANG_WARN_BOOL_CONVERSION = YES;
				CLANG_WARN_COMMA = YES;
				CLANG_WARN_CONSTANT_CONVERSION = YES;
				CLANG_WARN_DEPRECATED_OBJC_IMPLEMENTATIONS = YES;
				CLANG_WARN_DIRECT_OBJC_ISA_USAGE = YES_ERROR;
				CLANG_WARN_DOCUMENTATION_COMMENTS = YES;
				CLANG_WARN_EMPTY_BODY = YES;
				CLANG_WARN_ENUM_CONVERSION = YES;
				CLANG_WARN_INFINITE_RECURSION = YES;
				CLANG_WARN_INT_CONVERSION = YES;
				CLANG_WARN_NON_LITERAL_NULL_CONVERSION = YES;
				CLANG_WARN_OBJC_IMPLICIT_RETAIN_SELF = YES;
				CLANG_WARN_OBJC_LITERAL_CONVERSION = YES;
				CLANG_WARN_OBJC_ROOT_CLASS = YES_ERROR;
				CLANG_WARN_QUOTED_INCLUDE_IN_FRAMEWORK_HEADER = YES;
				CLANG_WARN_RANGE_LOOP_ANALYSIS = YES;
				CLANG_WARN_STRICT_PROTOTYPES = YES;
				CLANG_WARN_SUSPICIOUS_MOVE = YES;
				CLANG_WARN_UNGUARDED_AVAILABILITY = YES_AGGRESSIVE;
				CLANG_WARN_UNREACHABLE_CODE = YES;
				CLANG_WARN__DUPLICATE_METHOD_MATCH = YES;
				COPY_PHASE_STRIP = NO;
				DEBUG_INFORMATION_FORMAT = dwarf;
				ENABLE_STRICT_OBJC_MSGSEND = YES;
				ENABLE_TESTABILITY = YES;
				ENABLE_USER_SCRIPT_SANDBOXING = YES;
				GCC_C_LANGUAGE_STANDARD = gnu17;
				GCC_DYNAMIC_NO_PIC = NO;
				GCC_NO_COMMON_BLOCKS = YES;
				GCC_OPTIMIZATION_LEVEL = 0;
				GCC_PREPROCESSOR_DEFINITIONS = (
					"DEBUG=1",
					"$(inherited)",
				);
				GCC_WARN_64_TO_32_BIT_CONVERSION = YES;
				GCC_WARN_ABOUT_RETURN_TYPE = YES_ERROR;
				GCC_WARN_UNDECLARED_SELECTOR = YES;
				GCC_WARN_UNINITIALIZED_AUTOS = YES_AGGRESSIVE;
				GCC_WARN_UNUSED_FUNCTION = YES;
				GCC_WARN_UNUSED_VARIABLE = YES;
				LOCALIZATION_PREFERS_STRING_CATALOGS = YES;
				MACOSX_DEPLOYMENT_TARGET = 14.0;
				MTL_ENABLE_DEBUG_INFO = INCLUDE_SOURCE;
				MTL_FAST_MATH = YES;
				ONLY_ACTIVE_ARCH = YES;
				SDKROOT = macosx;
				SWIFT_ACTIVE_COMPILATION_CONDITIONS = "DEBUG $(inherited)";
				SWIFT_OPTIMIZATION_LEVEL = "-Onone";
			};
			name = Debug;
		};
		68B67507CA8248D698B3BF4B /* Release */ = {
			isa = XCBuildConfiguration;
			buildSettings = {
				ALWAYS_SEARCH_USER_PATHS = NO;
				CLANG_ANALYZER_NONNULL = YES;
				CLANG_ANALYZER_NUMBER_OBJECT_CONVERSION = YES_AGGRESSIVE;
				CLANG_CXX_LANGUAGE_STANDARD = "gnu++20";
				CLANG_ENABLE_MODULES = YES;
				CLANG_ENABLE_OBJC_ARC = YES;
				CLANG_ENABLE_OBJC_WEAK = YES;
				CLANG_WARN_BLOCK_CAPTURE_AUTORELEASING = YES;
				CLANG_WARN_BOOL_CONVERSION = YES;
				CLANG_WARN_COMMA = YES;
				CLANG_WARN_CONSTANT_CONVERSION = YES;
				CLANG_WARN_DEPRECATED_OBJC_IMPLEMENTATIONS = YES;
				CLANG_WARN_DIRECT_OBJC_ISA_USAGE = YES_ERROR;
				CLANG_WARN_DOCUMENTATION_COMMENTS = YES;
				CLANG_WARN_EMPTY_BODY = YES;
				CLANG_WARN_ENUM_CONVERSION = YES;
				CLANG_WARN_INFINITE_RECURSION = YES;
				CLANG_WARN_INT_CONVERSION = YES;
				CLANG_WARN_NON_LITERAL_NULL_CONVERSION = YES;
				CLANG_WARN_OBJC_IMPLICIT_RETAIN_SELF = YES;
				CLANG_WARN_OBJC_LITERAL_CONVERSION = YES;
				CLANG_WARN_OBJC_ROOT_CLASS = YES_ERROR;
				CLANG_WARN_QUOTED_INCLUDE_IN_FRAMEWORK_HEADER = YES;
				CLANG_WARN_RANGE_LOOP_ANALYSIS = YES;
				CLANG_WARN_STRICT_PROTOTYPES = YES;
				CLANG_WARN_SUSPICIOUS_MOVE = YES;
				CLANG_WARN_UNGUARDED_AVAILABILITY = YES_AGGRESSIVE;
				CLANG_WARN_UNREACHABLE_CODE = YES;
				CLANG_WARN__DUPLICATE_METHOD_MATCH = YES;
				COPY_PHASE_STRIP = NO;
				DEBUG_INFORMATION_FORMAT = "dwarf-with-dsym";
				ENABLE_NS_ASSERTIONS = NO;
				ENABLE_STRICT_OBJC_MSGSEND = YES;
				ENABLE_USER_SCRIPT_SANDBOXING = YES;
				GCC_C_LANGUAGE_STANDARD = gnu17;
				GCC_NO_COMMON_BLOCKS = YES;
				GCC_WARN_64_TO_32_BIT_CONVERSION = YES;
				GCC_WARN_ABOUT_RETURN_TYPE = YES_ERROR;
				GCC_WARN_UNDECLARED_SELECTOR = YES;
				GCC_WARN_UNINITIALIZED_AUTOS = YES_AGGRESSIVE;
				GCC_WARN_UNUSED_FUNCTION = YES;
				GCC_WARN_UNUSED_VARIABLE = YES;
				LOCALIZATION_PREFERS_STRING_CATALOGS = YES;
				MACOSX_DEPLOYMENT_TARGET = 14.0;
				MTL_ENABLE_DEBUG_INFO = NO;
				MTL_FAST_MATH = YES;
				SDKROOT = macosx;
				SWIFT_COMPILATION_MODE = wholemodule;
			};
			name = Release;
		};
		99D46C5BD4624B248A9B8B4D /* Debug */ = {
			isa = XCBuildConfiguration;
			buildSettings = {
				ASSETCATALOG_COMPILER_GENERATE_SWIFT_ASSET_SYMBOL_EXTENSIONS = YES;
				CODE_SIGN_STYLE = Automatic;
				COMBINE_HIDPI_IMAGES = YES;
				CURRENT_PROJECT_VERSION = 3;
				ENABLE_PREVIEWS = YES;
				GENERATE_INFOPLIST_FILE = YES;
				INFOPLIST_KEY_CFBundleDisplayName = "SgodAI Market Radar";
				INFOPLIST_KEY_LSApplicationCategoryType = "public.app-category.finance";
				INFOPLIST_KEY_NSLocalNetworkUsageDescription = "SgodAI connects to the local Core Engine API on 127.0.0.1 when it is running.";
				LD_RUNPATH_SEARCH_PATHS = (
					"$(inherited)",
					"@executable_path/../Frameworks",
				);
				MACOSX_DEPLOYMENT_TARGET = 14.0;
				MARKETING_VERSION = 0.2.1;
				PRODUCT_BUNDLE_IDENTIFIER = com.sgodai.marketradar;
				PRODUCT_NAME = "SgodAI Market Radar";
				SWIFT_EMIT_LOC_STRINGS = YES;
				SWIFT_VERSION = 6.0;
			};
			name = Debug;
		};
		F025CE05F8024CDEB85DF350 /* Release */ = {
			isa = XCBuildConfiguration;
			buildSettings = {
				ASSETCATALOG_COMPILER_GENERATE_SWIFT_ASSET_SYMBOL_EXTENSIONS = YES;
				CODE_SIGN_STYLE = Automatic;
				COMBINE_HIDPI_IMAGES = YES;
				COPY_PHASE_STRIP = NO;
				CURRENT_PROJECT_VERSION = 3;
				ENABLE_PREVIEWS = YES;
				GENERATE_INFOPLIST_FILE = YES;
				INFOPLIST_KEY_CFBundleDisplayName = "SgodAI Market Radar";
				INFOPLIST_KEY_LSApplicationCategoryType = "public.app-category.finance";
				INFOPLIST_KEY_NSLocalNetworkUsageDescription = "SgodAI connects to the local Core Engine API on 127.0.0.1 when it is running.";
				LD_RUNPATH_SEARCH_PATHS = (
					"$(inherited)",
					"@executable_path/../Frameworks",
				);
				MACOSX_DEPLOYMENT_TARGET = 14.0;
				MARKETING_VERSION = 0.2.1;
				PRODUCT_BUNDLE_IDENTIFIER = com.sgodai.marketradar;
				PRODUCT_NAME = "SgodAI Market Radar";
				SWIFT_EMIT_LOC_STRINGS = YES;
				SWIFT_VERSION = 6.0;
			};
			name = Release;
		};
/* End XCBuildConfiguration section */

/* Begin XCConfigurationList section */
		B2510E12269C4C3C9610D861 /* Build configuration list for PBXProject "SgodAI-Mac" */ = {
			isa = XCConfigurationList;
			buildConfigurations = (
				3D845CF5A2A843DE9B64F99A /* Debug */,
				68B67507CA8248D698B3BF4B /* Release */,
			);
			defaultConfigurationIsVisible = 0;
			defaultConfigurationName = Release;
		};
		E983D38A57424ED48B130845 /* Build configuration list for PBXNativeTarget "SgodAI-Mac" */ = {
			isa = XCConfigurationList;
			buildConfigurations = (
				99D46C5BD4624B248A9B8B4D /* Debug */,
				F025CE05F8024CDEB85DF350 /* Release */,
			);
			defaultConfigurationIsVisible = 0;
			defaultConfigurationName = Release;
		};
/* End XCConfigurationList section */
	};
	rootObject = 334B2E26AC664D809B662A7E /* Project object */;
}
